
Microsoft Visual Studio Solution File, Format Version 12.00
# Visual Studio Version 17
VisualStudioVersion = 17.0.31903.59
MinimumVisualStudioVersion = 10.0.40219.1
Project("{2150E333-8FDC-42A3-9474-1A3956D46DE8}") = "plcFSharp", "plcFSharp", "{1CB09E49-7DA7-2B29-A718-BAFA74229C6F}"
EndProject
Project("{2150E333-8FDC-42A3-9474-1A3956D46DE8}") = "Arm64", "Arm64", "{5D5A33DB-A9EA-7B46-83CF-74FEB5D780BD}"
EndProject
Project("{F2A71F9B-5D33-465A-A702-920D77279786}") = "microccarm64", "plcFSharp\Arm64\microccarm64.fsproj", "{EE1A3099-353E-465F-953F-4A606E9134FA}"
EndProject
Project("{2150E333-8FDC-42A3-9474-1A3956D46DE8}") = "Cont", "Cont", "{3C7DED64-9CF5-4625-4454-2402F63991FF}"
EndProject
Project("{FAE04EC0-301F-11D3-BF4B-00C04F79EFBC}") = "Factorial", "plcFSharp\Cont\Factorial\Factorial.csproj", "{E66A148D-2E72-441C-839C-64ABD3C23989}"
EndProject
Project("{2150E333-8FDC-42A3-9474-1A3956D46DE8}") = "Expr", "Expr", "{B9E9EC10-5ECB-CDA1-DD98-BA11635A3DB4}"
EndProject
Project("{F2A71F9B-5D33-465A-A702-920D77279786}") = "parse", "plcFSharp\Expr\parse.fsproj", "{6314644E-E82A-4006-9161-87C48687EFA5}"
EndProject
Project("{2150E333-8FDC-42A3-9474-1A3956D46DE8}") = "Fun", "Fun", "{0312AC62-0E43-0EF9-F4B3-338A5C6458B4}"
EndProject
Project("{F2A71F9B-5D33-465A-A702-920D77279786}") = "parse", "plcFSharp\Fun\parse.fsproj", "{8B1A3C64-C072-4F22-9A4B-B5133D26EE43}"
EndProject
Project("{2150E333-8FDC-42A3-9474-1A3956D46DE8}") = "Imp", "Imp", "{863456CA-23AC-9CDC-6451-3BB1042E0140}"
EndProject
Project("{FAE04EC0-301F-11D3-BF4B-00C04F79EFBC}") = "Parameters", "plcFSharp\Imp\Parameters\Parameters.csproj", "{1A652DE0-27B5-4441-9E9C-4C88863018C7}"
EndProject
Project("{2150E333-8FDC-42A3-9474-1A3956D46DE8}") = "ListC", "ListC", "{B444DAD8-D06D-6643-DEFE-F793465F9029}"
EndProject
Project("{F2A71F9B-5D33-465A-A702-920D77279786}") = "listc", "plcFSharp\ListC\listc.fsproj", "{0D24947E-A5D2-4487-88CA-90FB22ECCBE3}"
EndProject
Project("{2150E333-8FDC-42A3-9474-1A3956D46DE8}") = "MicroC", "MicroC", "{8540A987-7524-FCA4-7883-4D968A93CA78}"
EndProject
Project("{F2A71F9B-5D33-465A-A702-920D77279786}") = "microcc", "plcFSharp\MicroC\microcc.fsproj", "{E1A3CB3B-ABA5-4676-8554-7451D6B8A102}"
	ProjectSection(ProjectDependencies) = postProject
		{A437940C-4C59-4F35-A483-79CB16B6C1ED} = {A437940C-4C59-4F35-A483-79CB16B6C1ED}
	EndProjectSection
EndProject
Project("{F2A71F9B-5D33-465A-A702-920D77279786}") = "parse", "plcFSharp\MicroC\parse.fsproj", "{A437940C-4C59-4F35-A483-79CB16B6C1ED}"
EndProject
Project("{2150E333-8FDC-42A3-9474-1A3956D46DE8}") = "MicroJ", "MicroJ", "{7BD8B27D-F11E-83BA-93CA-ED5188F35104}"
EndProject
Project("{F2A71F9B-5D33-465A-A702-920D77279786}") = "microjc", "plcFSharp\MicroJ\microjc.fsproj", "{F752E28B-0554-4024-96EF-4DBC9E288295}"
EndProject
Project("{2150E333-8FDC-42A3-9474-1A3956D46DE8}") = "MicroSML", "MicroSML", "{347FC6F6-6931-1819-7C7C-ABF8942DFF9C}"
EndProject
Project("{F2A71F9B-5D33-465A-A702-920D77279786}") = "microsmlc", "plcFSharp\MicroSML\microsmlc.fsproj", "{A5E615C3-5A09-4424-963E-EC341040696C}"
EndProject
Project("{2150E333-8FDC-42A3-9474-1A3956D46DE8}") = "SExpr", "SExpr", "{18767A1D-8D38-CD90-731B-F0420987D841}"
EndProject
Project("{FAE04EC0-301F-11D3-BF4B-00C04F79EFBC}") = "sexpr", "plcFSharp\SExpr\sexpr.csproj", "{5AEE42CA-815E-4F88-94C6-C7AB7A75DA62}"
EndProject
Project("{2150E333-8FDC-42A3-9474-1A3956D46DE8}") = "Usql", "Usql", "{589B9185-EA5B-F252-136E-24AD8F01AC79}"
EndProject
Project("{F2A71F9B-5D33-465A-A702-920D77279786}") = "parse", "plcFSharp\Usql\parse.fsproj", "{2EBC7244-D1AC-4890-A0FE-EA9E9FDD16C4}"
EndProject
Project("{2150E333-8FDC-42A3-9474-1A3956D46DE8}") = "Virtual", "Virtual", "{229268E8-DBDC-574E-F120-765E900BE9E0}"
EndProject
Project("{FAE04EC0-301F-11D3-BF4B-00C04F79EFBC}") = "CircularQueue", "plcFSharp\Virtual\CircularQueue\CircularQueue.csproj", "{72F0EC64-B10C-4C60-8D7B-A3F018F9796B}"
EndProject
Project("{2150E333-8FDC-42A3-9474-1A3956D46DE8}") = "Ex13", "Ex13", "{6C4900F8-C159-010F-1423-F7712F28E38D}"
EndProject
Project("{FAE04EC0-301F-11D3-BF4B-00C04F79EFBC}") = "ex13", "plcFSharp\Virtual\Ex13\ex13.csproj", "{292B26B2-6F1A-49AA-839E-B890BBBE6215}"
EndProject
Project("{FAE04EC0-301F-11D3-BF4B-00C04F79EFBC}") = "Ex26", "plcFSharp\Virtual\Ex26\Ex26.csproj", "{28D20291-F2B0-4AFB-B7FB-86A27AB1BB5C}"
EndProject
Project("{FAE04EC0-301F-11D3-BF4B-00C04F79EFBC}") = "Selsort", "plcFSharp\Virtual\Selsort\Selsort.csproj", "{5FCE33A7-BDE9-4CB4-ACD9-4D15B04389E1}"
EndProject
Project("{FAE04EC0-301F-11D3-BF4B-00C04F79EFBC}") = "Square", "plcFSharp\Virtual\Square\Square.csproj", "{219F8C56-E12E-44C9-BAB4-59D8393E6A15}"
EndProject
Project("{FAE04EC0-301F-11D3-BF4B-00C04F79EFBC}") = "StringConcatSpeed", "plcFSharp\Virtual\StringConcatSpeed\StringConcatSpeed.csproj", "{4EC83452-88E5-42E7-B111-3659D3844101}"
EndProject
Global
	GlobalSection(SolutionConfigurationPlatforms) = preSolution
		Debug|Any CPU = Debug|Any CPU
		Debug|x64 = Debug|x64
		Debug|x86 = Debug|x86
		Release|Any CPU = Release|Any CPU
		Release|x64 = Release|x64
		Release|x86 = Release|x86
	EndGlobalSection
	GlobalSection(ProjectConfigurationPlatforms) = postSolution
		{EE1A3099-353E-465F-953F-4A606E9134FA}.Debug|Any CPU.ActiveCfg = Debug|Any CPU
		{EE1A3099-353E-465F-953F-4A606E9134FA}.Debug|Any CPU.Build.0 = Debug|Any CPU
		{EE1A3099-353E-465F-953F-4A606E9134FA}.Debug|x64.ActiveCfg = Debug|Any CPU
		{EE1A3099-353E-465F-953F-4A606E9134FA}.Debug|x64.Build.0 = Debug|Any CPU
		{EE1A3099-353E-465F-953F-4A606E9134FA}.Debug|x86.ActiveCfg = Debug|Any CPU
		{EE1A3099-353E-465F-953F-4A606E9134FA}.Debug|x86.Build.0 = Debug|Any CPU
		{EE1A3099-353E-465F-953F-4A606E9134FA}.Release|Any CPU.ActiveCfg = Release|Any CPU
		{EE1A3099-353E-465F-953F-4A606E9134FA}.Release|Any CPU.Build.0 = Release|Any CPU
		{EE1A3099-353E-465F-953F-4A606E9134FA}.Release|x64.ActiveCfg = Release|Any CPU
		{EE1A3099-353E-465F-953F-4A606E9134FA}.Release|x64.Build.0 = Release|Any CPU
		{EE1A3099-353E-465F-953F-4A606E9134FA}.Release|x86.ActiveCfg = Release|Any CPU
		{EE1A3099-353E-465F-953F-4A606E9134FA}.Release|x86.Build.0 = Release|Any CPU
		{E66A148D-2E72-441C-839C-64ABD3C23989}.Debug|Any CPU.ActiveCfg = Debug|Any CPU
		{E66A148D-2E72-441C-839C-64ABD3C23989}.Debug|Any CPU.Build.0 = Debug|Any CPU
		{E66A148D-2E72-441C-839C-64ABD3C23989}.Debug|x64.ActiveCfg = Debug|Any CPU
		{E66A148D-2E72-441C-839C-64ABD3C23989}.Debug|x64.Build.0 = Debug|Any CPU
		{E66A148D-2E72-441C-839C-64ABD3C23989}.Debug|x86.ActiveCfg = Debug|Any CPU
		{E66A148D-2E72-441C-839C-64ABD3C23989}.Debug|x86.Build.0 = Debug|Any CPU
		{E66A148D-2E72-441C-839C-64ABD3C23989}.Release|Any CPU.ActiveCfg = Release|Any CPU
		{E66A148D-2E72-441C-839C-64ABD3C23989}.Release|Any CPU.Build.0 = Release|Any CPU
		{E66A148D-2E72-441C-839C-64ABD3C23989}.Release|x64.ActiveCfg = Release|Any CPU
		{E66A148D-2E72-441C-839C-64ABD3C23989}.Release|x64.Build.0 = Release|Any CPU
		{E66A148D-2E72-441C-839C-64ABD3C23989}.Release|x86.ActiveCfg = Release|Any CPU
		{E66A148D-2E72-441C-839C-64ABD3C23989}.Release|x86.Build.0 = Release|Any CPU
		{6314644E-E82A-4006-9161-87C48687EFA5}.Debug|Any CPU.ActiveCfg = Debug|Any CPU
		{6314644E-E82A-4006-9161-87C48687EFA5}.Debug|Any CPU.Build.0 = Debug|Any CPU
		{6314644E-E82A-4006-9161-87C48687EFA5}.Debug|x64.ActiveCfg = Debug|Any CPU
		{6314644E-E82A-4006-9161-87C48687EFA5}.Debug|x64.Build.0 = Debug|Any CPU
		{6314644E-E82A-4006-9161-87C48687EFA5}.Debug|x86.ActiveCfg = Debug|Any CPU
		{6314644E-E82A-4006-9161-87C48687EFA5}.Debug|x86.Build.0 = Debug|Any CPU
		{6314644E-E82A-4006-9161-87C48687EFA5}.Release|Any CPU.ActiveCfg = Release|Any CPU
		{6314644E-E82A-4006-9161-87C48687EFA5}.Release|Any CPU.Build.0 = Release|Any CPU
		{6314644E-E82A-4006-9161-87C48687EFA5}.Release|x64.ActiveCfg = Release|Any CPU
		{6314644E-E82A-4006-9161-87C48687EFA5}.Release|x64.Build.0 = Release|Any CPU
		{6314644E-E82A-4006-9161-87C48687EFA5}.Release|x86.ActiveCfg = Release|Any CPU
		{6314644E-E82A-4006-9161-87C48687EFA5}.Release|x86.Build.0 = Release|Any CPU
		{8B1A3C64-C072-4F22-9A4B-B5133D26EE43}.Debug|Any CPU.ActiveCfg = Debug|Any CPU
		{8B1A3C64-C072-4F22-9A4B-B5133D26EE43}.Debug|Any CPU.Build.0 = Debug|Any CPU
		{8B1A3C64-C072-4F22-9A4B-B5133D26EE43}.Debug|x64.ActiveCfg = Debug|Any CPU
		{8B1A3C64-C072-4F22-9A4B-B5133D26EE43}.Debug|x64.Build.0 = Debug|Any CPU
		{8B1A3C64-C072-4F22-9A4B-B5133D26EE43}.Debug|x86.ActiveCfg = Debug|Any CPU
		{8B1A3C64-C072-4F22-9A4B-B5133D26EE43}.Debug|x86.Build.0 = Debug|Any CPU
		{8B1A3C64-C072-4F22-9A4B-B5133D26EE43}.Release|Any CPU.ActiveCfg = Release|Any CPU
		{8B1A3C64-C072-4F22-9A4B-B5133D26EE43}.Release|Any CPU.Build.0 = Release|Any CPU
		{8B1A3C64-C072-4F22-9A4B-B5133D26EE43}.Release|x64.ActiveCfg = Release|Any CPU
		{8B1A3C64-C072-4F22-9A4B-B5133D26EE43}.Release|x64.Build.0 = Release|Any CPU
		{8B1A3C64-C072-4F22-9A4B-B5133D26EE43}.Release|x86.ActiveCfg = Release|Any CPU
		{8B1A3C64-C072-4F22-9A4B-B5133D26EE43}.Release|x86.Build.0 = Release|Any CPU
		{1A652DE0-27B5-4441-9E9C-4C88863018C7}.Debug|Any CPU.ActiveCfg = Debug|Any CPU
		{1A652DE0-27B5-4441-9E9C-4C88863018C7}.Debug|Any CPU.Build.0 = Debug|Any CPU
		{1A652DE0-27B5-4441-9E9C-4C88863018C7}.Debug|x64.ActiveCfg = Debug|Any CPU
		{1A652DE0-27B5-4441-9E9C-4C88863018C7}.Debug|x64.Build.0 = Debug|Any CPU
		{1A652DE0-27B5-4441-9E9C-4C88863018C7}.Debug|x86.ActiveCfg = Debug|Any CPU
		{1A652DE0-27B5-4441-9E9C-4C88863018C7}.Debug|x86.Build.0 = Debug|Any CPU
		{1A652DE0-27B5-4441-9E9C-4C88863018C7}.Release|Any CPU.ActiveCfg = Release|Any CPU
		{1A652DE0-27B5-4441-9E9C-4C88863018C7}.Release|Any CPU.Build.0 = Release|Any CPU
		{1A652DE0-27B5-4441-9E9C-4C88863018C7}.Release|x64.ActiveCfg = Release|Any CPU
		{1A652DE0-27B5-4441-9E9C-4C88863018C7}.Release|x64.Build.0 = Release|Any CPU
		{1A652DE0-27B5-4441-9E9C-4C88863018C7}.Release|x86.ActiveCfg = Release|Any CPU
		{1A652DE0-27B5-4441-9E9C-4C88863018C7}.Release|x86.Build.0 = Release|Any CPU
		{0D24947E-A5D2-4487-88CA-90FB22ECCBE3}.Debug|Any CPU.ActiveCfg = Debug|Any CPU
		{0D24947E-A5D2-4487-88CA-90FB22ECCBE3}.Debug|Any CPU.Build.0 = Debug|Any CPU
		{0D24947E-A5D2-4487-88CA-90FB22ECCBE3}.Debug|x64.ActiveCfg = Debug|Any CPU
		{0D24947E-A5D2-4487-88CA-90FB22ECCBE3}.Debug|x64.Build.0 = Debug|Any CPU
		{0D24947E-A5D2-4487-88CA-90FB22ECCBE3}.Debug|x86.ActiveCfg = Debug|Any CPU
		{0D24947E-A5D2-4487-88CA-90FB22ECCBE3}.Debug|x86.Build.0 = Debug|Any CPU
		{0D24947E-A5D2-4487-88CA-90FB22ECCBE3}.Release|Any CPU.ActiveCfg = Release|Any CPU
		{0D24947E-A5D2-4487-88CA-90FB22ECCBE3}.Release|Any CPU.Build.0 = Release|Any CPU
		{0D24947E-A5D2-4487-88CA-90FB22ECCBE3}.Release|x64.ActiveCfg = Release|Any CPU
		{0D24947E-A5D2-4487-88CA-90FB22ECCBE3}.Release|x64.Build.0 = Release|Any CPU
		{0D24947E-A5D2-4487-88CA-90FB22ECCBE3}.Release|x86.ActiveCfg = Release|Any CPU
		{0D24947E-A5D2-4487-88CA-90FB22ECCBE3}.Release|x86.Build.0 = Release|Any CPU
		{E1A3CB3B-ABA5-4676-8554-7451D6B8A102}.Debug|Any CPU.ActiveCfg = Debug|Any CPU
		{E1A3CB3B-ABA5-4676-8554-7451D6B8A102}.Debug|Any CPU.Build.0 = Debug|Any CPU
		{E1A3CB3B-ABA5-4676-8554-7451D6B8A102}.Debug|x64.ActiveCfg = Debug|Any CPU
		{E1A3CB3B-ABA5-4676-8554-7451D6B8A102}.Debug|x64.Build.0 = Debug|Any CPU
		{E1A3CB3B-ABA5-4676-8554-7451D6B8A102}.Debug|x86.ActiveCfg = Debug|Any CPU
		{E1A3CB3B-ABA5-4676-8554-7451D6B8A102}.Debug|x86.Build.0 = Debug|Any CPU
		{E1A3CB3B-ABA5-4676-8554-7451D6B8A102}.Release|Any CPU.ActiveCfg = Release|Any CPU
		{E1A3CB3B-ABA5-4676-8554-7451D6B8A102}.Release|Any CPU.Build.0 = Release|Any CPU
		{E1A3CB3B-ABA5-4676-8554-7451D6B8A102}.Release|x64.ActiveCfg = Release|Any CPU
		{E1A3CB3B-ABA5-4676-8554-7451D6B8A102}.Release|x64.Build.0 = Release|Any CPU
		{E1A3CB3B-ABA5-4676-8554-7451D6B8A102}.Release|x86.ActiveCfg = Release|Any CPU
		{E1A3CB3B-ABA5-4676-8554-7451D6B8A102}.Release|x86.Build.0 = Release|Any CPU
		{A437940C-4C59-4F35-A483-79CB16B6C1ED}.Debug|Any CPU.ActiveCfg = Debug|Any CPU
		{A437940C-4C59-4F35-A483-79CB16B6C1ED}.Debug|Any CPU.Build.0 = Debug|Any CPU
		{A437940C-4C59-4F35-A483-79CB16B6C1ED}.Debug|x64.ActiveCfg = Debug|Any CPU
		{A437940C-4C59-4F35-A483-79CB16B6C1ED}.Debug|x64.Build.0 = Debug|Any CPU
		{A437940C-4C59-4F35-A483-79CB16B6C1ED}.Debug|x86.ActiveCfg = Debug|Any CPU
		{A437940C-4C59-4F35-A483-79CB16B6C1ED}.Debug|x86.Build.0 = Debug|Any CPU
		{A437940C-4C59-4F35-A483-79CB16B6C1ED}.Release|Any CPU.ActiveCfg = Release|Any CPU
		{A437940C-4C59-4F35-A483-79CB16B6C1ED}.Release|Any CPU.Build.0 = Release|Any CPU
		{A437940C-4C59-4F35-A483-79CB16B6C1ED}.Release|x64.ActiveCfg = Release|Any CPU
		{A437940C-4C59-4F35-A483-79CB16B6C1ED}.Release|x64.Build.0 = Release|Any CPU
		{A437940C-4C59-4F35-A483-79CB16B6C1ED}.Release|x86.ActiveCfg = Release|Any CPU
		{A437940C-4C59-4F35-A483-79CB16B6C1ED}.Release|x86.Build.0 = Release|Any CPU
		{F752E28B-0554-4024-96EF-4DBC9E288295}.Debug|Any CPU.ActiveCfg = Debug|Any CPU
		{F752E28B-0554-4024-96EF-4DBC9E288295}.Debug|Any CPU.Build.0 = Debug|Any CPU
		{F752E28B-0554-4024-96EF-4DBC9E288295}.Debug|x64.ActiveCfg = Debug|Any CPU
		{F752E28B-0554-4024-96EF-4DBC9E288295}.Debug|x64.Build.0 = Debug|Any CPU
		{F752E28B-0554-4024-96EF-4DBC9E288295}.Debug|x86.ActiveCfg = Debug|Any CPU
		{F752E28B-0554-4024-96EF-4DBC9E288295}.Debug|x86.Build.0 = Debug|Any CPU
		{F752E28B-0554-4024-96EF-4DBC9E288295}.Release|Any CPU.ActiveCfg = Release|Any CPU
		{F752E28B-0554-4024-96EF-4DBC9E288295}.Release|Any CPU.Build.0 = Release|Any CPU
		{F752E28B-0554-4024-96EF-4DBC9E288295}.Release|x64.ActiveCfg = Release|Any CPU
		{F752E28B-0554-4024-96EF-4DBC9E288295}.Release|x64.Build.0 = Release|Any CPU
		{F752E28B-0554-4024-96EF-4DBC9E288295}.Release|x86.ActiveCfg = Release|Any CPU
		{F752E28B-0554-4024-96EF-4DBC9E288295}.Release|x86.Build.0 = Release|Any CPU
		{A5E615C3-5A09-4424-963E-EC341040696C}.Debug|Any CPU.ActiveCfg = Debug|Any CPU
		{A5E615C3-5A09-4424-963E-EC341040696C}.Debug|Any CPU.Build.0 = Debug|Any CPU
		{A5E615C3-5A09-4424-963E-EC341040696C}.Debug|x64.ActiveCfg = Debug|Any CPU
		{A5E615C3-5A09-4424-963E-EC341040696C}.Debug|x64.Build.0 = Debug|Any CPU
		{A5E615C3-5A09-4424-963E-EC341040696C}.Debug|x86.ActiveCfg = Debug|Any CPU
		{A5E615C3-5A09-4424-963E-EC341040696C}.Debug|x86.Build.0 = Debug|Any CPU
		{A5E615C3-5A09-4424-963E-EC341040696C}.Release|Any CPU.ActiveCfg = Release|Any CPU
		{A5E615C3-5A09-4424-963E-EC341040696C}.Release|Any CPU.Build.0 = Release|Any CPU
		{A5E615C3-5A09-4424-963E-EC341040696C}.Release|x64.ActiveCfg = Release|Any CPU
		{A5E615C3-5A09-4424-963E-EC341040696C}.Release|x64.Build.0 = Release|Any CPU
		{A5E615C3-5A09-4424-963E-EC341040696C}.Release|x86.ActiveCfg = Release|Any CPU
		{A5E615C3-5A09-4424-963E-EC341040696C}.Release|x86.Build.0 = Release|Any CPU
		{5AEE42CA-815E-4F88-94C6-C7AB7A75DA62}.Debug|Any CPU.ActiveCfg = Debug|Any CPU
		{5AEE42CA-815E-4F88-94C6-C7AB7A75DA62}.Debug|Any CPU.Build.0 = Debug|Any CPU
		{5AEE42CA-815E-4F88-94C6-C7AB7A75DA62}.Debug|x64.ActiveCfg = Debug|Any CPU
		{5AEE42CA-815E-4F88-94C6-C7AB7A75DA62}.Debug|x64.Build.0 = Debug|Any CPU
		{5AEE42CA-815E-4F88-94C6-C7AB7A75DA62}.Debug|x86.ActiveCfg = Debug|Any CPU
		{5AEE42CA-815E-4F88-94C6-C7AB7A75DA62}.Debug|x86.Build.0 = Debug|Any CPU
		{5AEE42CA-815E-4F88-94C6-C7AB7A75DA62}.Release|Any CPU.ActiveCfg = Release|Any CPU
		{5AEE42CA-815E-4F88-94C6-C7AB7A75DA62}.Release|Any CPU.Build.0 = Release|Any CPU
		{5AEE42CA-815E-4F88-94C6-C7AB7A75DA62}.Release|x64.ActiveCfg = Release|Any CPU
		{5AEE42CA-815E-4F88-94C6-C7AB7A75DA62}.Release|x64.Build.0 = Release|Any CPU
		{5AEE42CA-815E-4F88-94C6-C7AB7A75DA62}.Release|x86.ActiveCfg = Release|Any CPU
		{5AEE42CA-815E-4F88-94C6-C7AB7A75DA62}.Release|x86.Build.0 = Release|Any CPU
		{2EBC7244-D1AC-4890-A0FE-EA9E9FDD16C4}.Debug|Any CPU.ActiveCfg = Debug|Any CPU
		{2EBC7244-D1AC-4890-A0FE-EA9E9FDD16C4}.Debug|Any CPU.Build.0 = Debug|Any CPU
		{2EBC7244-D1AC-4890-A0FE-EA9E9FDD16C4}.Debug|x64.ActiveCfg = Debug|Any CPU
		{2EBC7244-D1AC-4890-A0FE-EA9E9FDD16C4}.Debug|x64.Build.0 = Debug|Any CPU
		{2EBC7244-D1AC-4890-A0FE-EA9E9FDD16C4}.Debug|x86.ActiveCfg = Debug|Any CPU
		{2EBC7244-D1AC-4890-A0FE-EA9E9FDD16C4}.Debug|x86.Build.0 = Debug|Any CPU
		{2EBC7244-D1AC-4890-A0FE-EA9E9FDD16C4}.Release|Any CPU.ActiveCfg = Release|Any CPU
		{2EBC7244-D1AC-4890-A0FE-EA9E9FDD16C4}.Release|Any CPU.Build.0 = Release|Any CPU
		{2EBC7244-D1AC-4890-A0FE-EA9E9FDD16C4}.Release|x64.ActiveCfg = Release|Any CPU
		{2EBC7244-D1AC-4890-A0FE-EA9E9FDD16C4}.Release|x64.Build.0 = Release|Any CPU
		{2EBC7244-D1AC-4890-A0FE-EA9E9FDD16C4}.Release|x86.ActiveCfg = Release|Any CPU
		{2EBC7244-D1AC-4890-A0FE-EA9E9FDD16C4}.Release|x86.Build.0 = Release|Any CPU
		{72F0EC64-B10C-4C60-8D7B-A3F018F9796B}.Debug|Any CPU.ActiveCfg = Debug|Any CPU
		{72F0EC64-B10C-4C60-8D7B-A3F018F9796B}.Debug|Any CPU.Build.0 = Debug|Any CPU
		{72F0EC64-B10C-4C60-8D7B-A3F018F9796B}.Debug|x64.ActiveCfg = Debug|Any CPU
		{72F0EC64-B10C-4C60-8D7B-A3F018F9796B}.Debug|x64.Build.0 = Debug|Any CPU
		{72F0EC64-B10C-4C60-8D7B-A3F018F9796B}.Debug|x86.ActiveCfg = Debug|Any CPU
		{72F0EC64-B10C-4C60-8D7B-A3F018F9796B}.Debug|x86.Build.0 = Debug|Any CPU
		{72F0EC64-B10C-4C60-8D7B-A3F018F9796B}.Release|Any CPU.ActiveCfg = Release|Any CPU
		{72F0EC64-B10C-4C60-8D7B-A3F018F9796B}.Release|Any CPU.Build.0 = Release|Any CPU
		{72F0EC64-B10C-4C60-8D7B-A3F018F9796B}.Release|x64.ActiveCfg = Release|Any CPU
		{72F0EC64-B10C-4C60-8D7B-A3F018F9796B}.Release|x64.Build.0 = Release|Any CPU
		{72F0EC64-B10C-4C60-8D7B-A3F018F9796B}.Release|x86.ActiveCfg = Release|Any CPU
		{72F0EC64-B10C-4C60-8D7B-A3F018F9796B}.Release|x86.Build.0 = Release|Any CPU
		{292B26B2-6F1A-49AA-839E-B890BBBE6215}.Debug|Any CPU.ActiveCfg = Debug|Any CPU
		{292B26B2-6F1A-49AA-839E-B890BBBE6215}.Debug|Any CPU.Build.0 = Debug|Any CPU
		{292B26B2-6F1A-49AA-839E-B890BBBE6215}.Debug|x64.ActiveCfg = Debug|Any CPU
		{292B26B2-6F1A-49AA-839E-B890BBBE6215}.Debug|x64.Build.0 = Debug|Any CPU
		{292B26B2-6F1A-49AA-839E-B890BBBE6215}.Debug|x86.ActiveCfg = Debug|Any CPU
		{292B26B2-6F1A-49AA-839E-B890BBBE6215}.Debug|x86.Build.0 = Debug|Any CPU
		{292B26B2-6F1A-49AA-839E-B890BBBE6215}.Release|Any CPU.ActiveCfg = Release|Any CPU
		{292B26B2-6F1A-49AA-839E-B890BBBE6215}.Release|Any CPU.Build.0 = Release|Any CPU
		{292B26B2-6F1A-49AA-839E-B890BBBE6215}.Release|x64.ActiveCfg = Release|Any CPU
		{292B26B2-6F1A-49AA-839E-B890BBBE6215}.Release|x64.Build.0 = Release|Any CPU
		{292B26B2-6F1A-49AA-839E-B890BBBE6215}.Release|x86.ActiveCfg = Release|Any CPU
		{292B26B2-6F1A-49AA-839E-B890BBBE6215}.Release|x86.Build.0 = Release|Any CPU
		{28D20291-F2B0-4AFB-B7FB-86A27AB1BB5C}.Debug|Any CPU.ActiveCfg = Debug|Any CPU
		{28D20291-F2B0-4AFB-B7FB-86A27AB1BB5C}.Debug|Any CPU.Build.0 = Debug|Any CPU
		{28D20291-F2B0-4AFB-B7FB-86A27AB1BB5C}.Debug|x64.ActiveCfg = Debug|Any CPU
		{28D20291-F2B0-4AFB-B7FB-86A27AB1BB5C}.Debug|x64.Build.0 = Debug|Any CPU
		{28D20291-F2B0-4AFB-B7FB-86A27AB1BB5C}.Debug|x86.ActiveCfg = Debug|Any CPU
		{28D20291-F2B0-4AFB-B7FB-86A27AB1BB5C}.Debug|x86.Build.0 = Debug|Any CPU
		{28D20291-F2B0-4AFB-B7FB-86A27AB1BB5C}.Release|Any CPU.ActiveCfg = Release|Any CPU
		{28D20291-F2B0-4AFB-B7FB-86A27AB1BB5C}.Release|Any CPU.Build.0 = Release|Any CPU
		{28D20291-F2B0-4AFB-B7FB-86A27AB1BB5C}.Release|x64.ActiveCfg = Release|Any CPU
		{28D20291-F2B0-4AFB-B7FB-86A27AB1BB5C}.Release|x64.Build.0 = Release|Any CPU
		{28D20291-F2B0-4AFB-B7FB-86A27AB1BB5C}.Release|x86.ActiveCfg = Release|Any CPU
		{28D20291-F2B0-4AFB-B7FB-86A27AB1BB5C}.Release|x86.Build.0 = Release|Any CPU
		{5FCE33A7-BDE9-4CB4-ACD9-4D15B04389E1}.Debug|Any CPU.ActiveCfg = Debug|Any CPU
		{5FCE33A7-BDE9-4CB4-ACD9-4D15B04389E1}.Debug|Any CPU.Build.0 = Debug|Any CPU
		{5FCE33A7-BDE9-4CB4-ACD9-4D15B04389E1}.Debug|x64.ActiveCfg = Debug|Any CPU
		{5FCE33A7-BDE9-4CB4-ACD9-4D15B04389E1}.Debug|x64.Build.0 = Debug|Any CPU
		{5FCE33A7-BDE9-4CB4-ACD9-4D15B04389E1}.Debug|x86.ActiveCfg = Debug|Any CPU
		{5FCE33A7-BDE9-4CB4-ACD9-4D15B04389E1}.Debug|x86.Build.0 = Debug|Any CPU
		{5FCE33A7-BDE9-4CB4-ACD9-4D15B04389E1}.Release|Any CPU.ActiveCfg = Release|Any CPU
		{5FCE33A7-BDE9-4CB4-ACD9-4D15B04389E1}.Release|Any CPU.Build.0 = Release|Any CPU
		{5FCE33A7-BDE9-4CB4-ACD9-4D15B04389E1}.Release|x64.ActiveCfg = Release|Any CPU
		{5FCE33A7-BDE9-4CB4-ACD9-4D15B04389E1}.Release|x64.Build.0 = Release|Any CPU
		{5FCE33A7-BDE9-4CB4-ACD9-4D15B04389E1}.Release|x86.ActiveCfg = Release|Any CPU
		{5FCE33A7-BDE9-4CB4-ACD9-4D15B04389E1}.Release|x86.Build.0 = Release|Any CPU
		{219F8C56-E12E-44C9-BAB4-59D8393E6A15}.Debug|Any CPU.ActiveCfg = Debug|Any CPU
		{219F8C56-E12E-44C9-BAB4-59D8393E6A15}.Debug|Any CPU.Build.0 = Debug|Any CPU
		{219F8C56-E12E-44C9-BAB4-59D8393E6A15}.Debug|x64.ActiveCfg = Debug|Any CPU
		{219F8C56-E12E-44C9-BAB4-59D8393E6A15}.Debug|x64.Build.0 = Debug|Any CPU
		{219F8C56-E12E-44C9-BAB4-59D8393E6A15}.Debug|x86.ActiveCfg = Debug|Any CPU
		{219F8C56-E12E-44C9-BAB4-59D8393E6A15}.Debug|x86.Build.0 = Debug|Any CPU
		{219F8C56-E12E-44C9-BAB4-59D8393E6A15}.Release|Any CPU.ActiveCfg = Release|Any CPU
		{219F8C56-E12E-44C9-BAB4-59D8393E6A15}.Release|Any CPU.Build.0 = Release|Any CPU
		{219F8C56-E12E-44C9-BAB4-59D8393E6A15}.Release|x64.ActiveCfg = Release|Any CPU
		{219F8C56-E12E-44C9-BAB4-59D8393E6A15}.Release|x64.Build.0 = Release|Any CPU
		{219F8C56-E12E-44C9-BAB4-59D8393E6A15}.Release|x86.ActiveCfg = Release|Any CPU
		{219F8C56-E12E-44C9-BAB4-59D8393E6A15}.Release|x86.Build.0 = Release|Any CPU
		{4EC83452-88E5-42E7-B111-3659D3844101}.Debug|Any CPU.ActiveCfg = Debug|Any CPU
		{4EC83452-88E5-42E7-B111-3659D3844101}.Debug|Any CPU.Build.0 = Debug|Any CPU
		{4EC83452-88E5-42E7-B111-3659D3844101}.Debug|x64.ActiveCfg = Debug|Any CPU
		{4EC83452-88E5-42E7-B111-3659D3844101}.Debug|x64.Build.0 = Debug|Any CPU
		{4EC83452-88E5-42E7-B111-3659D3844101}.Debug|x86.ActiveCfg = Debug|Any CPU
		{4EC83452-88E5-42E7-B111-3659D3844101}.Debug|x86.Build.0 = Debug|Any CPU
		{4EC83452-88E5-42E7-B111-3659D3844101}.Release|Any CPU.ActiveCfg = Release|Any CPU
		{4EC83452-88E5-42E7-B111-3659D3844101}.Release|Any CPU.Build.0 = Release|Any CPU
		{4EC83452-88E5-42E7-B111-3659D3844101}.Release|x64.ActiveCfg = Release|Any CPU
		{4EC83452-88E5-42E7-B111-3659D3844101}.Release|x64.Build.0 = Release|Any CPU
		{4EC83452-88E5-42E7-B111-3659D3844101}.Release|x86.ActiveCfg = Release|Any CPU
		{4EC83452-88E5-42E7-B111-3659D3844101}.Release|x86.Build.0 = Release|Any CPU
	EndGlobalSection
	GlobalSection(SolutionProperties) = preSolution
		HideSolutionNode = FALSE
	EndGlobalSection
	GlobalSection(NestedProjects) = preSolution
		{5D5A33DB-A9EA-7B46-83CF-74FEB5D780BD} = {1CB09E49-7DA7-2B29-A718-BAFA74229C6F}
		{EE1A3099-353E-465F-953F-4A606E9134FA} = {5D5A33DB-A9EA-7B46-83CF-74FEB5D780BD}
		{3C7DED64-9CF5-4625-4454-2402F63991FF} = {1CB09E49-7DA7-2B29-A718-BAFA74229C6F}
		{E66A148D-2E72-441C-839C-64ABD3C23989} = {3C7DED64-9CF5-4625-4454-2402F63991FF}
		{B9E9EC10-5ECB-CDA1-DD98-BA11635A3DB4} = {1CB09E49-7DA7-2B29-A718-BAFA74229C6F}
		{6314644E-E82A-4006-9161-87C48687EFA5} = {B9E9EC10-5ECB-CDA1-DD98-BA11635A3DB4}
		{0312AC62-0E43-0EF9-F4B3-338A5C6458B4} = {1CB09E49-7DA7-2B29-A718-BAFA74229C6F}
		{8B1A3C64-C072-4F22-9A4B-B5133D26EE43} = {0312AC62-0E43-0EF9-F4B3-338A5C6458B4}
		{863456CA-23AC-9CDC-6451-3BB1042E0140} = {1CB09E49-7DA7-2B29-A718-BAFA74229C6F}
		{1A652DE0-27B5-4441-9E9C-4C88863018C7} = {863456CA-23AC-9CDC-6451-3BB1042E0140}
		{B444DAD8-D06D-6643-DEFE-F793465F9029} = {1CB09E49-7DA7-2B29-A718-BAFA74229C6F}
		{0D24947E-A5D2-4487-88CA-90FB22ECCBE3} = {B444DAD8-D06D-6643-DEFE-F793465F9029}
		{8540A987-7524-FCA4-7883-4D968A93CA78} = {1CB09E49-7DA7-2B29-A718-BAFA74229C6F}
		{E1A3CB3B-ABA5-4676-8554-7451D6B8A102} = {8540A987-7524-FCA4-7883-4D968A93CA78}
		{A437940C-4C59-4F35-A483-79CB16B6C1ED} = {8540A987-7524-FCA4-7883-4D968A93CA78}
		{7BD8B27D-F11E-83BA-93CA-ED5188F35104} = {1CB09E49-7DA7-2B29-A718-BAFA74229C6F}
		{F752E28B-0554-4024-96EF-4DBC9E288295} = {7BD8B27D-F11E-83BA-93CA-ED5188F35104}
		{347FC6F6-6931-1819-7C7C-ABF8942DFF9C} = {1CB09E49-7DA7-2B29-A718-BAFA74229C6F}
		{A5E615C3-5A09-4424-963E-EC341040696C} = {347FC6F6-6931-1819-7C7C-ABF8942DFF9C}
		{18767A1D-8D38-CD90-731B-F0420987D841} = {1CB09E49-7DA7-2B29-A718-BAFA74229C6F}
		{5AEE42CA-815E-4F88-94C6-C7AB7A75DA62} = {18767A1D-8D38-CD90-731B-F0420987D841}
		{589B9185-EA5B-F252-136E-24AD8F01AC79} = {1CB09E49-7DA7-2B29-A718-BAFA74229C6F}
		{2EBC7244-D1AC-4890-A0FE-EA9E9FDD16C4} = {589B9185-EA5B-F252-136E-24AD8F01AC79}
		{229268E8-DBDC-574E-F120-765E900BE9E0} = {1CB09E49-7DA7-2B29-A718-BAFA74229C6F}
		{72F0EC64-B10C-4C60-8D7B-A3F018F9796B} = {229268E8-DBDC-574E-F120-765E900BE9E0}
		{6C4900F8-C159-010F-1423-F7712F28E38D} = {229268E8-DBDC-574E-F120-765E900BE9E0}
		{292B26B2-6F1A-49AA-839E-B890BBBE6215} = {6C4900F8-C159-010F-1423-F7712F28E38D}
		{28D20291-F2B0-4AFB-B7FB-86A27AB1BB5C} = {229268E8-DBDC-574E-F120-765E900BE9E0}
		{5FCE33A7-BDE9-4CB4-ACD9-4D15B04389E1} = {229268E8-DBDC-574E-F120-765E900BE9E0}
		{219F8C56-E12E-44C9-BAB4-59D8393E6A15} = {229268E8-DBDC-574E-F120-765E900BE9E0}
		{4EC83452-88E5-42E7-B111-3659D3844101} = {229268E8-DBDC-574E-F120-765E900BE9E0}
	EndGlobalSection
EndGlobal
